// !$*UTF8*$!
{
	archiveVersion = 1;
	classes = {
	};
	objectVersion = 46;
	objects = {

/* Begin PBXBuildFile section */
		DE116D571D75260900F19D13 /* ShareSDKPlugin.xcscheme in Resources */ = {isa = PBXBuildFile; fileRef = DE116D561D75260900F19D13 /* ShareSDKPlugin.xcscheme */; };
		DE116D5A1D75260900F19D13 /* ShareSDKPlugin.m in Sources */ = {isa = PBXBuildFile; fileRef = DE116D591D75260900F19D13 /* ShareSDKPlugin.m */; };
		DE8DA9FD1D752A5100BAB538 /* MainWindowController.m in Sources */ = {isa = PBXBuildFile; fileRef = DE8DA9FB1D752A5100BAB538 /* MainWindowController.m */; };
		DE8DA9FE1D752A5100BAB538 /* MainWindowController.xib in Resources */ = {isa = PBXBuildFile; fileRef = DE8DA9FC1D752A5100BAB538 /* MainWindowController.xib */; };
/* End PBXBuildFile section */

/* Begin PBXFileReference section */
		DE116D521D75260900F19D13 /* ShareSDKPlugin.xcplugin */ = {isa = PBXFileReference; explicitFileType = wrapper.cfbundle; includeInIndex = 0; path = ShareSDKPlugin.xcplugin; sourceTree = BUILT_PRODUCTS_DIR; };
		DE116D561D75260900F19D13 /* ShareSDKPlugin.xcscheme */ = {isa = PBXFileReference; lastKnownFileType = text.xml; name = ShareSDKPlugin.xcscheme; path = ShareSDKPlugin.xcodeproj/xcshareddata/xcschemes/ShareSDKPlugin.xcscheme; sourceTree = SOURCE_ROOT; };
		DE116D581D75260900F19D13 /* ShareSDKPlugin.h */ = {isa = PBXFileReference; lastKnownFileType = sourcecode.c.h; path = ShareSDKPlugin.h; sourceTree = "<group>"; };
		DE116D591D75260900F19D13 /* ShareSDKPlugin.m */ = {isa = PBXFileReference; lastKnownFileType = sourcecode.c.objc; path = ShareSDKPlugin.m; sourceTree = "<group>"; };
		DE116D5B1D75260900F19D13 /* Info.plist */ = {isa = PBXFileReference; lastKnownFileType = text.plist.xml; path = Info.plist; sourceTree = "<group>"; };
		DE8DA9FA1D752A5100BAB538 /* MainWindowController.h */ = {isa = PBXFileReference; fileEncoding = 4; lastKnownFileType = sourcecode.c.h; path = MainWindowController.h; sourceTree = "<group>"; };
		DE8DA9FB1D752A5100BAB538 /* MainWindowController.m */ = {isa = PBXFileReference; fileEncoding = 4; lastKnownFileType = sourcecode.c.objc; path = MainWindowController.m; sourceTree = "<group>"; };
		DE8DA9FC1D752A5100BAB538 /* MainWindowController.xib */ = {isa = PBXFileReference; fileEncoding = 4; lastKnownFileType = file.xib; path = MainWindowController.xib; sourceTree = "<group>"; };
/* End PBXFileReference section */

/* Begin PBXGroup section */
		DE116D4A1D75260900F19D13 = {
			isa = PBXGroup;
			children = (
				DE116D541D75260900F19D13 /* ShareSDKPlugin */,
				DE116D531D75260900F19D13 /* Products */,
			);
			sourceTree = "<group>";
		};
		DE116D531D75260900F19D13 /* Products */ = {
			isa = PBXGroup;
			children = (
				DE116D521D75260900F19D13 /* ShareSDKPlugin.xcplugin */,
			);
			name = Products;
			sourceTree = "<group>";
		};
		DE116D541D75260900F19D13 /* ShareSDKPlugin */ = {
			isa = PBXGroup;
			children = (
				DE116D581D75260900F19D13 /* ShareSDKPlugin.h */,
				DE116D591D75260900F19D13 /* ShareSDKPlugin.m */,
				DE116D5B1D75260900F19D13 /* Info.plist */,
				DE116D551D75260900F19D13 /* Supporting Files */,
				DE8DA9FA1D752A5100BAB538 /* MainWindowController.h */,
				DE8DA9FB1D752A5100BAB538 /* MainWindowController.m */,
				DE8DA9FC1D752A5100BAB538 /* MainWindowController.xib */,
			);
			path = ShareSDKPlugin;
			sourceTree = "<group>";
		};
		DE116D551D75260900F19D13 /* Supporting Files */ = {
			isa = PBXGroup;
			children = (
				DE116D561D75260900F19D13 /* ShareSDKPlugin.xcscheme */,
			);
			name = "Supporting Files";
			sourceTree = "<group>";
		};
/* End PBXGroup section */

/* Begin PBXNativeTarget section */
		DE116D511D75260900F19D13 /* ShareSDKPlugin */ = {
			isa = PBXNativeTarget;
			buildConfigurationList = DE116D5E1D75260900F19D13 /* Build configuration list for PBXNativeTarget "ShareSDKPlugin" */;
			buildPhases = (
				DE116D4F1D75260900F19D13 /* Sources */,
				DE116D501D75260900F19D13 /* Resources */,
			);
			buildRules = (
			);
			dependencies = (
			);
			name = ShareSDKPlugin;
			productName = ShareSDKPlugin;
			productReference = DE116D521D75260900F19D13 /* ShareSDKPlugin.xcplugin */;
			productType = "com.apple.product-type.bundle";
		};
/* End PBXNativeTarget section */

/* Begin PBXProject section */
		DE116D4B1D75260900F19D13 /* Project object */ = {
			isa = PBXProject;
			attributes = {
				LastUpgradeCheck = 0720;
				ORGANIZATIONNAME = mob.com;
				TargetAttributes = {
					DE116D511D75260900F19D13 = {
						CreatedOnToolsVersion = 7.2;
					};
				};
			};
			buildConfigurationList = DE116D4E1D75260900F19D13 /* Build configuration list for PBXProject "ShareSDKPlugin" */;
			compatibilityVersion = "Xcode 3.2";
			developmentRegion = English;
			hasScannedForEncodings = 0;
			knownRegions = (
				en,
			);
			mainGroup = DE116D4A1D75260900F19D13;
			productRefGroup = DE116D531D75260900F19D13 /* Products */;
			projectDirPath = "";
			projectRoot = "";
			targets = (
				DE116D511D75260900F19D13 /* ShareSDKPlugin */,
			);
		};
/* End PBXProject section */

/* Begin PBXResourcesBuildPhase section */
		DE116D501D75260900F19D13 /* Resources */ = {
			isa = PBXResourcesBuildPhase;
			buildActionMask = 2147483647;
			files = (
				DE8DA9FE1D752A5100BAB538 /* MainWindowController.xib in Resources */,
				DE116D571D75260900F19D13 /* ShareSDKPlugin.xcscheme in Resources */,
			);
			runOnlyForDeploymentPostprocessing = 0;
		};
/* End PBXResourcesBuildPhase section */

/* Begin PBXSourcesBuildPhase section */
		DE116D4F1D75260900F19D13 /* Sources */ = {
			isa = PBXSourcesBuildPhase;
			buildActionMask = 2147483647;
			files = (
				DE8DA9FD1D752A5100BAB538 /* MainWindowController.m in Sources */,
				DE116D5A1D75260900F19D13 /* ShareSDKPlugin.m in Sources */,
			);
			runOnlyForDeploymentPostprocessing = 0;
		};
/* End PBXSourcesBuildPhase section */

/* Begin XCBuildConfiguration section */
		DE116D5C1D75260900F19D13 /* Debug */ = {
			isa = XCBuildConfiguration;
			buildSettings = {
				ALWAYS_SEARCH_USER_PATHS = NO;
				CLANG_CXX_LANGUAGE_STANDARD = "gnu++0x";
				CLANG_CXX_LIBRARY = "libc++";
				CLANG_ENABLE_MODULES = YES;
				CLANG_ENABLE_OBJC_ARC = YES;
				CLANG_WARN_BOOL_CONVERSION = YES;
				CLANG_WARN_CONSTANT_CONVERSION = YES;
				CLANG_WARN_DIRECT_OBJC_ISA_USAGE = YES_ERROR;
				CLANG_WARN_EMPTY_BODY = YES;
				CLANG_WARN_ENUM_CONVERSION = YES;
				CLANG_WARN_INT_CONVERSION = YES;
				CLANG_WARN_OBJC_ROOT_CLASS = YES_ERROR;
				CLANG_WARN_UNREACHABLE_CODE = YES;
				CLANG_WARN__DUPLICATE_METHOD_MATCH = YES;
				CODE_SIGN_IDENTITY = "-";
				COPY_PHASE_STRIP = NO;
				DEBUG_INFORMATION_FORMAT = dwarf;
				ENABLE_STRICT_OBJC_MSGSEND = YES;
				ENABLE_TESTABILITY = YES;
				GCC_C_LANGUAGE_STANDARD = gnu99;
				GCC_DYNAMIC_NO_PIC = NO;
				GCC_NO_COMMON_BLOCKS = YES;
				GCC_OPTIMIZATION_LEVEL = 0;
				GCC_PREPROCESSOR_DEFINITIONS = (
					"DEBUG=1",
					"$(inherited)",
				);
				GCC_WARN_64_TO_32_BIT_CONVERSION = YES;
				GCC_WARN_ABOUT_RETURN_TYPE = YES_ERROR;
				GCC_WARN_UNDECLARED_SELECTOR = YES;
				GCC_WARN_UNINITIALIZED_AUTOS = YES_AGGRESSIVE;
				GCC_WARN_UNUSED_FUNCTION = YES;
				GCC_WARN_UNUSED_VARIABLE = YES;
				MACOSX_DEPLOYMENT_TARGET = 10.11;
				MTL_ENABLE_DEBUG_INFO = YES;
				ONLY_ACTIVE_ARCH = YES;
				SDKROOT = macosx;
			};
			name = Debug;
		};
		DE116D5D1D75260900F19D13 /* Release */ = {
			isa = XCBuildConfiguration;
			buildSettings = {
				ALWAYS_SEARCH_USER_PATHS = NO;
				CLANG_CXX_LANGUAGE_STANDARD = "gnu++0x";
				CLANG_CXX_LIBRARY = "libc++";
				CLANG_ENABLE_MODULES = YES;
				CLANG_ENABLE_OBJC_ARC = YES;
				CLANG_WARN_BOOL_CONVERSION = YES;
				CLANG_WARN_CONSTANT_CONVERSION = YES;
				CLANG_WARN_DIRECT_OBJC_ISA_USAGE = YES_ERROR;
				CLANG_WARN_EMPTY_BODY = YES;
				CLANG_WARN_ENUM_CONVERSION = YES;
				CLANG_WARN_INT_CONVERSION = YES;
				CLANG_WARN_OBJC_ROOT_CLASS = YES_ERROR;
				CLANG_WARN_UNREACHABLE_CODE = YES;
				CLANG_WARN__DUPLICATE_METHOD_MATCH = YES;
				CODE_SIGN_IDENTITY = "-";
				COPY_PHASE_STRIP = NO;
				DEBUG_INFORMATION_FORMAT = "dwarf-with-dsym";
				ENABLE_NS_ASSERTIONS = NO;
				ENABLE_STRICT_OBJC_MSGSEND = YES;
				GCC_C_LANGUAGE_STANDARD = gnu99;
				GCC_NO_COMMON_BLOCKS = YES;
				GCC_WARN_64_TO_32_BIT_CONVERSION = YES;
				GCC_WARN_ABOUT_RETURN_TYPE = YES_ERROR;
				GCC_WARN_UNDECLARED_SELECTOR = YES;
				GCC_WARN_UNINITIALIZED_AUTOS = YES_AGGRESSIVE;
				GCC_WARN_UNUSED_FUNCTION = YES;
				GCC_WARN_UNUSED_VARIABLE = YES;
				MACOSX_DEPLOYMENT_TARGET = 10.11;
				MTL_ENABLE_DEBUG_INFO = NO;
				SDKROOT = macosx;
			};
			name = Release;
		};
		DE116D5F1D75260900F19D13 /* Debug */ = {
			isa = XCBuildConfiguration;
			buildSettings = {
				COMBINE_HIDPI_IMAGES = YES;
				DEPLOYMENT_LOCATION = YES;
				DSTROOT = "$(HOME)";
				INFOPLIST_FILE = ShareSDKPlugin/Info.plist;
				INSTALL_PATH = "/Library/Application Support/Developer/Shared/Xcode/Plug-ins";
				PRODUCT_BUNDLE_IDENTIFIER = com.mob..ShareSDKPlugin;
				PRODUCT_NAME = "$(TARGET_NAME)";
				WRAPPER_EXTENSION = xcplugin;
			};
			name = Debug;
		};
		DE116D601D75260900F19D13 /* Release */ = {
			isa = XCBuildConfiguration;
			buildSettings = {
				COMBINE_HIDPI_IMAGES = YES;
				DEPLOYMENT_LOCATION = YES;
				DSTROOT = "$(HOME)";
				INFOPLIST_FILE = ShareSDKPlugin/Info.plist;
				INSTALL_PATH = "/Library/Application Support/Developer/Shared/Xcode/Plug-ins";
				PRODUCT_BUNDLE_IDENTIFIER = com.mob..ShareSDKPlugin;
				PRODUCT_NAME = "$(TARGET_NAME)";
				WRAPPER_EXTENSION = xcplugin;
			};
			name = Release;
		};
/* End XCBuildConfiguration section */

/* Begin XCConfigurationList section */
		DE116D4E1D75260900F19D13 /* Build configuration list for PBXProject "ShareSDKPlugin" */ = {
			isa = XCConfigurationList;
			buildConfigurations = (
				DE116D5C1D75260900F19D13 /* Debug */,
				DE116D5D1D75260900F19D13 /* Release */,
			);
			defaultConfigurationIsVisible = 0;
			defaultConfigurationName = Release;
		};
		DE116D5E1D75260900F19D13 /* Build configuration list for PBXNativeTarget "ShareSDKPlugin" */ = {
			isa = XCConfigurationList;
			buildConfigurations = (
				DE116D5F1D75260900F19D13 /* Debug */,
				DE116D601D75260900F19D13 /* Release */,
			);
			defaultConfigurationIsVisible = 0;
			defaultConfigurationName = Release;
		};
/* End XCConfigurationList section */
	};
	rootObject = DE116D4B1D75260900F19D13 /* Project object */;
}
